
Microsoft Visual Studio Solution File, Format Version 12.00
# Visual Studio Version 17
VisualStudioVersion = 17.14.36414.22
MinimumVisualStudioVersion = 10.0.40219.1
Project("{FAE04EC0-301F-11D3-BF4B-00C04F79EFBC}") = "Clipboard Printer", "ClipboardPrinter\Clipboard Printer.csproj", "{B8C212C0-1BEA-48A8-9C0D-8CBF979F9836}"
EndProject
Project("{54435603-DBB4-11D2-8724-00A0C9A8B90C}") = "Setup", "Setup\Setup.vdproj", "{DBE9999D-346E-CA63-6964-F3B7FC1D42B4}"
EndProject
Global
	GlobalSection(SolutionConfigurationPlatforms) = preSolution
		Debug|Any CPU = Debug|Any CPU
		Release|Any CPU = Release|Any CPU
	EndGlobalSection
	GlobalSection(ProjectConfigurationPlatforms) = postSolution
		{B8C212C0-1BEA-48A8-9C0D-8CBF979F9836}.Debug|Any CPU.ActiveCfg = Release|Any CPU
		{B8C212C0-1BEA-48A8-9C0D-8CBF979F9836}.Debug|Any CPU.Build.0 = Release|Any CPU
		{B8C212C0-1BEA-48A8-9C0D-8CBF979F9836}.Release|Any CPU.ActiveCfg = Release|Any CPU
		{B8C212C0-1BEA-48A8-9C0D-8CBF979F9836}.Release|Any CPU.Build.0 = Release|Any CPU
		{DBE9999D-346E-CA63-6964-F3B7FC1D42B4}.Debug|Any CPU.ActiveCfg = Debug
		{DBE9999D-346E-CA63-6964-F3B7FC1D42B4}.Release|Any CPU.ActiveCfg = Release
	EndGlobalSection
	GlobalSection(SolutionProperties) = preSolution
		HideSolutionNode = FALSE
	EndGlobalSection
	GlobalSection(ExtensibilityGlobals) = postSolution
		SolutionGuid = {E3F13E31-6665-4FD6-93FA-C4941866EB17}
	EndGlobalSection
EndGlobal
